
Microsoft Visual Studio Solution File, Format Version 12.00
# Visual Studio Version 16
VisualStudioVersion = 16.0.31424.327
MinimumVisualStudioVersion = 10.0.40219.1
Project("{8BC9CEB8-8B4A-11D0-8D11-00A0C91BC942}") = "naive_bayes_2", "naive_bayes_2.vcxproj", "{07A33439-71AD-44E9-B941-B25BFAB80F25}"
EndProject
Global
	GlobalSection(SolutionConfigurationPlatforms) = preSolution
		Debug|x64 = Debug|x64
		Debug|x86 = Debug|x86
		Release|x64 = Release|x64
		Release|x86 = Release|x86
	EndGlobalSection
	GlobalSection(ProjectConfigurationPlatforms) = postSolution
		{07A33439-71AD-44E9-B941-B25BFAB80F25}.Debug|x64.ActiveCfg = Release|x64
		{07A33439-71AD-44E9-B941-B25BFAB80F25}.Debug|x64.Build.0 = Release|x64
		{07A33439-71AD-44E9-B941-B25BFAB80F25}.Debug|x86.ActiveCfg = Debug|Win32
		{07A33439-71AD-44E9-B941-B25BFAB80F25}.Debug|x86.Build.0 = Debug|Win32
		{07A33439-71AD-44E9-B941-B25BFAB80F25}.Release|x64.ActiveCfg = Release|x64
		{07A33439-71AD-44E9-B941-B25BFAB80F25}.Release|x64.Build.0 = Release|x64
		{07A33439-71AD-44E9-B941-B25BFAB80F25}.Release|x86.ActiveCfg = Release|Win32
		{07A33439-71AD-44E9-B941-B25BFAB80F25}.Release|x86.Build.0 = Release|Win32
	EndGlobalSection
	GlobalSection(SolutionProperties) = preSolution
		HideSolutionNode = FALSE
	EndGlobalSection
	GlobalSection(ExtensibilityGlobals) = postSolution
		SolutionGuid = {C7BF992C-96F3-4B8A-BC42-1B07EE4BDEAC}
	EndGlobalSection
EndGlobal
